
Microsoft Visual Studio Solution File, Format Version 12.00
# Visual Studio Version 17
VisualStudioVersion = 17.5.33414.496
MinimumVisualStudioVersion = 10.0.40219.1
Project("{FAE04EC0-301F-11D3-BF4B-00C04F79EFBC}") = "SwapNumbers", "SwapNumbers.csproj", "{1BAA2ACC-A053-42B1-923C-877211CE0817}"
EndProject
Global
	GlobalSection(SolutionConfigurationPlatforms) = preSolution
		Debug|Any CPU = Debug|Any CPU
		Release|Any CPU = Release|Any CPU
	EndGlobalSection
	GlobalSection(ProjectConfigurationPlatforms) = postSolution
		{1BAA2ACC-A053-42B1-923C-877211CE0817}.Debug|Any CPU.ActiveCfg = Debug|Any CPU
		{1BAA2ACC-A053-42B1-923C-877211CE0817}.Debug|Any CPU.Build.0 = Debug|Any CPU
		{1BAA2ACC-A053-42B1-923C-877211CE0817}.Release|Any CPU.ActiveCfg = Release|Any CPU
		{1BAA2ACC-A053-42B1-923C-877211CE0817}.Release|Any CPU.Build.0 = Release|Any CPU
	EndGlobalSection
	GlobalSection(SolutionProperties) = preSolution
		HideSolutionNode = FALSE
	EndGlobalSection
	GlobalSection(ExtensibilityGlobals) = postSolution
		SolutionGuid = {25A2AF36-56A8-4D31-BE1B-89D525AECE09}
	EndGlobalSection
EndGlobal
