
Microsoft Visual Studio Solution File, Format Version 12.00
# Visual Studio Version 17
VisualStudioVersion = 17.5.33414.496
MinimumVisualStudioVersion = 10.0.40219.1
Project("{FAE04EC0-301F-11D3-BF4B-00C04F79EFBC}") = "Task2", "Task2.csproj", "{9046ED47-F1D5-4603-8756-51D3BFD308E7}"
EndProject
Global
	GlobalSection(SolutionConfigurationPlatforms) = preSolution
		Debug|Any CPU = Debug|Any CPU
		Release|Any CPU = Release|Any CPU
	EndGlobalSection
	GlobalSection(ProjectConfigurationPlatforms) = postSolution
		{9046ED47-F1D5-4603-8756-51D3BFD308E7}.Debug|Any CPU.ActiveCfg = Debug|Any CPU
		{9046ED47-F1D5-4603-8756-51D3BFD308E7}.Debug|Any CPU.Build.0 = Debug|Any CPU
		{9046ED47-F1D5-4603-8756-51D3BFD308E7}.Release|Any CPU.ActiveCfg = Release|Any CPU
		{9046ED47-F1D5-4603-8756-51D3BFD308E7}.Release|Any CPU.Build.0 = Release|Any CPU
	EndGlobalSection
	GlobalSection(SolutionProperties) = preSolution
		HideSolutionNode = FALSE
	EndGlobalSection
	GlobalSection(ExtensibilityGlobals) = postSolution
		SolutionGuid = {879EC35E-AD43-44A3-BC02-488D626FDA39}
	EndGlobalSection
EndGlobal
