
Microsoft Visual Studio Solution File, Format Version 12.00
# Visual Studio Version 17
VisualStudioVersion = 17.5.33414.496
MinimumVisualStudioVersion = 10.0.40219.1
Project("{FAE04EC0-301F-11D3-BF4B-00C04F79EFBC}") = "Exercise6", "Exercise6.csproj", "{CAC9AE02-2D07-4E94-8FB2-0B5FA4F05B41}"
EndProject
Global
	GlobalSection(SolutionConfigurationPlatforms) = preSolution
		Debug|Any CPU = Debug|Any CPU
		Release|Any CPU = Release|Any CPU
	EndGlobalSection
	GlobalSection(ProjectConfigurationPlatforms) = postSolution
		{CAC9AE02-2D07-4E94-8FB2-0B5FA4F05B41}.Debug|Any CPU.ActiveCfg = Debug|Any CPU
		{CAC9AE02-2D07-4E94-8FB2-0B5FA4F05B41}.Debug|Any CPU.Build.0 = Debug|Any CPU
		{CAC9AE02-2D07-4E94-8FB2-0B5FA4F05B41}.Release|Any CPU.ActiveCfg = Release|Any CPU
		{CAC9AE02-2D07-4E94-8FB2-0B5FA4F05B41}.Release|Any CPU.Build.0 = Release|Any CPU
	EndGlobalSection
	GlobalSection(SolutionProperties) = preSolution
		HideSolutionNode = FALSE
	EndGlobalSection
	GlobalSection(ExtensibilityGlobals) = postSolution
		SolutionGuid = {1D2A6AEE-9B9D-4CCE-9751-04D92504D48B}
	EndGlobalSection
EndGlobal
