
Microsoft Visual Studio Solution File, Format Version 12.00
# Visual Studio Version 17
VisualStudioVersion = 17.5.33414.496
MinimumVisualStudioVersion = 10.0.40219.1
Project("{FAE04EC0-301F-11D3-BF4B-00C04F79EFBC}") = "ATM Task6", "ATM Task6.csproj", "{A3D8439D-6F72-4663-B4B7-974EE4C155D0}"
EndProject
Global
	GlobalSection(SolutionConfigurationPlatforms) = preSolution
		Debug|Any CPU = Debug|Any CPU
		Release|Any CPU = Release|Any CPU
	EndGlobalSection
	GlobalSection(ProjectConfigurationPlatforms) = postSolution
		{A3D8439D-6F72-4663-B4B7-974EE4C155D0}.Debug|Any CPU.ActiveCfg = Debug|Any CPU
		{A3D8439D-6F72-4663-B4B7-974EE4C155D0}.Debug|Any CPU.Build.0 = Debug|Any CPU
		{A3D8439D-6F72-4663-B4B7-974EE4C155D0}.Release|Any CPU.ActiveCfg = Release|Any CPU
		{A3D8439D-6F72-4663-B4B7-974EE4C155D0}.Release|Any CPU.Build.0 = Release|Any CPU
	EndGlobalSection
	GlobalSection(SolutionProperties) = preSolution
		HideSolutionNode = FALSE
	EndGlobalSection
	GlobalSection(ExtensibilityGlobals) = postSolution
		SolutionGuid = {75C6F123-C9A5-434D-9F9E-93350CCC19C1}
	EndGlobalSection
EndGlobal
