
Microsoft Visual Studio Solution File, Format Version 12.00
# Visual Studio Version 17
VisualStudioVersion = 17.5.33414.496
MinimumVisualStudioVersion = 10.0.40219.1
Project("{FAE04EC0-301F-11D3-BF4B-00C04F79EFBC}") = "Exercise01", "Exercise01.csproj", "{FFF370C6-AA40-44E5-BF7E-C4CF247CD662}"
EndProject
Global
	GlobalSection(SolutionConfigurationPlatforms) = preSolution
		Debug|Any CPU = Debug|Any CPU
		Release|Any CPU = Release|Any CPU
	EndGlobalSection
	GlobalSection(ProjectConfigurationPlatforms) = postSolution
		{FFF370C6-AA40-44E5-BF7E-C4CF247CD662}.Debug|Any CPU.ActiveCfg = Debug|Any CPU
		{FFF370C6-AA40-44E5-BF7E-C4CF247CD662}.Debug|Any CPU.Build.0 = Debug|Any CPU
		{FFF370C6-AA40-44E5-BF7E-C4CF247CD662}.Release|Any CPU.ActiveCfg = Release|Any CPU
		{FFF370C6-AA40-44E5-BF7E-C4CF247CD662}.Release|Any CPU.Build.0 = Release|Any CPU
	EndGlobalSection
	GlobalSection(SolutionProperties) = preSolution
		HideSolutionNode = FALSE
	EndGlobalSection
	GlobalSection(ExtensibilityGlobals) = postSolution
		SolutionGuid = {1117FCA0-1BD6-4E2F-9F9E-CCE2EB11917A}
	EndGlobalSection
EndGlobal
